// !$*UTF8*$!
{
	archiveVersion = 1;
	classes = {
	};
	objectVersion = 77;
	objects = {

/* Begin PBXContainerItemProxy section */
		26C896AE2EF2F1FB0046B43B /* PBXContainerItemProxy */ = {
			isa = PBXContainerItemProxy;
			containerPortal = 26C896982EF2F1F90046B43B /* Project object */;
			proxyType = 1;
			remoteGlobalIDString = 26C8969F2EF2F1F90046B43B;
			remoteInfo = LoanCalculator;
		};
		26C896B82EF2F1FB0046B43B /* PBXContainerItemProxy */ = {
			isa = PBXContainerItemProxy;
			containerPortal = 26C896982EF2F1F90046B43B /* Project object */;
			proxyType = 1;
			remoteGlobalIDString = 26C8969F2EF2F1F90046B43B;
			remoteInfo = LoanCalculator;
		};
/* End PBXContainerItemProxy section */

/* Begin PBXFileReference section */
		26C896A02EF2F1F90046B43B /* LoanCalculator.app */ = {isa = PBXFileReference; explicitFileType = wrapper.application; includeInIndex = 0; path = LoanCalculator.app; sourceTree = BUILT_PRODUCTS_DIR; };
		26C896AD2EF2F1FB0046B43B /* LoanCalculatorTests.xctest */ = {isa = PBXFileReference; explicitFileType = wrapper.cfbundle; includeInIndex = 0; path = LoanCalculatorTests.xctest; sourceTree = BUILT_PRODUCTS_DIR; };
		26C896B72EF2F1FB0046B43B /* LoanCalculatorUITests.xctest */ = {isa = PBXFileReference; explicitFileType = wrapper.cfbundle; includeInIndex = 0; path = LoanCalculatorUITests.xctest; sourceTree = BUILT_PRODUCTS_DIR; };
/* End PBXFileReference section */

/* Begin PBXFileSystemSynchronizedRootGroup section */
		26C896A22EF2F1F90046B43B /* LoanCalculator */ = {
			isa = PBXFileSystemSynchronizedRootGroup;
			path = LoanCalculator;
			sourceTree = "<group>";
		};
		26C896B02EF2F1FB0046B43B /* LoanCalculatorTests */ = {
			isa = PBXFileSystemSynchronizedRootGroup;
			path = LoanCalculatorTests;
			sourceTree = "<group>";
		};
		26C896BA2EF2F1FB0046B43B /* LoanCalculatorUITests */ = {
			isa = PBXFileSystemSynchronizedRootGroup;
			path = LoanCalculatorUITests;
			sourceTree = "<group>";
		};
/* End PBXFileSystemSynchronizedRootGroup section */

/* Begin PBXFrameworksBuildPhase section */
		26C8969D2EF2F1F90046B43B /* Frameworks */ = {
			isa = PBXFrameworksBuildPhase;
			buildActionMask = 2147483647;
			files = (
			);
			runOnlyForDeploymentPostprocessing = 0;
		};
		26C896AA2EF2F1FB0046B43B /* Frameworks */ = {
			isa = PBXFrameworksBuildPhase;
			buildActionMask = 2147483647;
			files = (
			);
			runOnlyForDeploymentPostprocessing = 0;
		};
		26C896B42EF2F1FB0046B43B /* Frameworks */ = {
			isa = PBXFrameworksBuildPhase;
			buildActionMask = 2147483647;
			files = (
			);
			runOnlyForDeploymentPostprocessing = 0;
		};
/* End PBXFrameworksBuildPhase section */

/* Begin PBXGroup section */
		26C896972EF2F1F90046B43B = {
			isa = PBXGroup;
			children = (
				26C896A22EF2F1F90046B43B /* LoanCalculator */,
				26C896B02EF2F1FB0046B43B /* LoanCalculatorTests */,
				26C896BA2EF2F1FB0046B43B /* LoanCalculatorUITests */,
				26C896A12EF2F1F90046B43B /* Products */,
			);
			sourceTree = "<group>";
		};
		26C896A12EF2F1F90046B43B /* Products */ = {
			isa = PBXGroup;
			children = (
				26C896A02EF2F1F90046B43B /* LoanCalculator.app */,
				26C896AD2EF2F1FB0046B43B /* LoanCalculatorTests.xctest */,
				26C896B72EF2F1FB0046B43B /* LoanCalculatorUITests.xctest */,
			);
			name = Products;
			sourceTree = "<group>";
		};
/* End PBXGroup section */

/* Begin PBXNativeTarget section */
		26C8969F2EF2F1F90046B43B /* LoanCalculator */ = {
			isa = PBXNativeTarget;
			buildConfigurationList = 26C896C12EF2F1FB0046B43B /* Build configuration list for PBXNativeTarget "LoanCalculator" */;
			buildPhases = (
				26C8969C2EF2F1F90046B43B /* Sources */,
				26C8969D2EF2F1F90046B43B /* Frameworks */,
				26C8969E2EF2F1F90046B43B /* Resources */,
			);
			buildRules = (
			);
			dependencies = (
			);
			fileSystemSynchronizedGroups = (
				26C896A22EF2F1F90046B43B /* LoanCalculator */,
			);
			name = LoanCalculator;
			packageProductDependencies = (
			);
			productName = LoanCalculator;
			productReference = 26C896A02EF2F1F90046B43B /* LoanCalculator.app */;
			productType = "com.apple.product-type.application";
		};
		26C896AC2EF2F1FB0046B43B /* LoanCalculatorTests */ = {
			isa = PBXNativeTarget;
			buildConfigurationList = 26C896C42EF2F1FB0046B43B /* Build configuration list for PBXNativeTarget "LoanCalculatorTests" */;
			buildPhases = (
				26C896A92EF2F1FB0046B43B /* Sources */,
				26C896AA2EF2F1FB0046B43B /* Frameworks */,
				26C896AB2EF2F1FB0046B43B /* Resources */,
			);
			buildRules = (
			);
			dependencies = (
				26C896AF2EF2F1FB0046B43B /* PBXTargetDependency */,
			);
			fileSystemSynchronizedGroups = (
				26C896B02EF2F1FB0046B43B /* LoanCalculatorTests */,
			);
			name = LoanCalculatorTests;
			packageProductDependencies = (
			);
			productName = LoanCalculatorTests;
			productReference = 26C896AD2EF2F1FB0046B43B /* LoanCalculatorTests.xctest */;
			productType = "com.apple.product-type.bundle.unit-test";
		};
		26C896B62EF2F1FB0046B43B /* LoanCalculatorUITests */ = {
			isa = PBXNativeTarget;
			buildConfigurationList = 26C896C72EF2F1FB0046B43B /* Build configuration list for PBXNativeTarget "LoanCalculatorUITests" */;
			buildPhases = (
				26C896B32EF2F1FB0046B43B /* Sources */,
				26C896B42EF2F1FB0046B43B /* Frameworks */,
				26C896B52EF2F1FB0046B43B /* Resources */,
			);
			buildRules = (
			);
			dependencies = (
				26C896B92EF2F1FB0046B43B /* PBXTargetDependency */,
			);
			fileSystemSynchronizedGroups = (
				26C896BA2EF2F1FB0046B43B /* LoanCalculatorUITests */,
			);
			name = LoanCalculatorUITests;
			packageProductDependencies = (
			);
			productName = LoanCalculatorUITests;
			productReference = 26C896B72EF2F1FB0046B43B /* LoanCalculatorUITests.xctest */;
			productType = "com.apple.product-type.bundle.ui-testing";
		};
/* End PBXNativeTarget section */

/* Begin PBXProject section */
		26C896982EF2F1F90046B43B /* Project object */ = {
			isa = PBXProject;
			attributes = {
				BuildIndependentTargetsInParallel = 1;
				LastSwiftUpdateCheck = 1640;
				LastUpgradeCheck = 1640;
				TargetAttributes = {
					26C8969F2EF2F1F90046B43B = {
						CreatedOnToolsVersion = 16.4;
					};
					26C896AC2EF2F1FB0046B43B = {
						CreatedOnToolsVersion = 16.4;
						TestTargetID = 26C8969F2EF2F1F90046B43B;
					};
					26C896B62EF2F1FB0046B43B = {
						CreatedOnToolsVersion = 16.4;
						TestTargetID = 26C8969F2EF2F1F90046B43B;
					};
				};
			};
			buildConfigurationList = 26C8969B2EF2F1F90046B43B /* Build configuration list for PBXProject "LoanCalculator" */;
			developmentRegion = en;
			hasScannedForEncodings = 0;
			knownRegions = (
				en,
				Base,
			);
			mainGroup = 26C896972EF2F1F90046B43B;
			minimizedProjectReferenceProxies = 1;
			preferredProjectObjectVersion = 77;
			productRefGroup = 26C896A12EF2F1F90046B43B /* Products */;
			projectDirPath = "";
			projectRoot = "";
			targets = (
				26C8969F2EF2F1F90046B43B /* LoanCalculator */,
				26C896AC2EF2F1FB0046B43B /* LoanCalculatorTests */,
				26C896B62EF2F1FB0046B43B /* LoanCalculatorUITests */,
			);
		};
/* End PBXProject section */

/* Begin PBXResourcesBuildPhase section */
		26C8969E2EF2F1F90046B43B /* Resources */ = {
			isa = PBXResourcesBuildPhase;
			buildActionMask = 2147483647;
			files = (
			);
			runOnlyForDeploymentPostprocessing = 0;
		};
		26C896AB2EF2F1FB0046B43B /* Resources */ = {
			isa = PBXResourcesBuildPhase;
			buildActionMask = 2147483647;
			files = (
			);
			runOnlyForDeploymentPostprocessing = 0;
		};
		26C896B52EF2F1FB0046B43B /* Resources */ = {
			isa = PBXResourcesBuildPhase;
			buildActionMask = 2147483647;
			files = (
			);
			runOnlyForDeploymentPostprocessing = 0;
		};
/* End PBXResourcesBuildPhase section */

/* Begin PBXSourcesBuildPhase section */
		26C8969C2EF2F1F90046B43B /* Sources */ = {
			isa = PBXSourcesBuildPhase;
			buildActionMask = 2147483647;
			files = (
			);
			runOnlyForDeploymentPostprocessing = 0;
		};
		26C896A92EF2F1FB0046B43B /* Sources */ = {
			isa = PBXSourcesBuildPhase;
			buildActionMask = 2147483647;
			files = (
			);
			runOnlyForDeploymentPostprocessing = 0;
		};
		26C896B32EF2F1FB0046B43B /* Sources */ = {
			isa = PBXSourcesBuildPhase;
			buildActionMask = 2147483647;
			files = (
			);
			runOnlyForDeploymentPostprocessing = 0;
		};
/* End PBXSourcesBuildPhase section */

/* Begin PBXTargetDependency section */
		26C896AF2EF2F1FB0046B43B /* PBXTargetDependency */ = {
			isa = PBXTargetDependency;
			target = 26C8969F2EF2F1F90046B43B /* LoanCalculator */;
			targetProxy = 26C896AE2EF2F1FB0046B43B /* PBXContainerItemProxy */;
		};
		26C896B92EF2F1FB0046B43B /* PBXTargetDependency */ = {
			isa = PBXTargetDependency;
			target = 26C8969F2EF2F1F90046B43B /* LoanCalculator */;
			targetProxy = 26C896B82EF2F1FB0046B43B /* PBXContainerItemProxy */;
		};
/* End PBXTargetDependency section */

/* Begin XCBuildConfiguration section */
		26C896BF2EF2F1FB0046B43B /* Debug */ = {
			isa = XCBuildConfiguration;
			buildSettings = {
				ALWAYS_SEARCH_USER_PATHS = NO;
				ASSETCATALOG_COMPILER_GENERATE_SWIFT_ASSET_SYMBOL_EXTENSIONS = YES;
				CLANG_ANALYZER_NONNULL = YES;
				CLANG_ANALYZER_NUMBER_OBJECT_CONVERSION = YES_AGGRESSIVE;
				CLANG_CXX_LANGUAGE_STANDARD = "gnu++20";
				CLANG_ENABLE_MODULES = YES;
				CLANG_ENABLE_OBJC_ARC = YES;
				CLANG_ENABLE_OBJC_WEAK = YES;
				CLANG_WARN_BLOCK_CAPTURE_AUTORELEASING = YES;
				CLANG_WARN_BOOL_CONVERSION = YES;
				CLANG_WARN_COMMA = YES;
				CLANG_WARN_CONSTANT_CONVERSION = YES;
				CLANG_WARN_DEPRECATED_OBJC_IMPLEMENTATIONS = YES;
				CLANG_WARN_DIRECT_OBJC_ISA_USAGE = YES_ERROR;
				CLANG_WARN_DOCUMENTATION_COMMENTS = YES;
				CLANG_WARN_EMPTY_BODY = YES;
				CLANG_WARN_ENUM_CONVERSION = YES;
				CLANG_WARN_INFINITE_RECURSION = YES;
				CLANG_WARN_INT_CONVERSION = YES;
				CLANG_WARN_NON_LITERAL_NULL_CONVERSION = YES;
				CLANG_WARN_OBJC_IMPLICIT_RETAIN_SELF = YES;
				CLANG_WARN_OBJC_LITERAL_CONVERSION = YES;
				CLANG_WARN_OBJC_ROOT_CLASS = YES_ERROR;
				CLANG_WARN_QUOTED_INCLUDE_IN_FRAMEWORK_HEADER = YES;
				CLANG_WARN_RANGE_LOOP_ANALYSIS = YES;
				CLANG_WARN_STRICT_PROTOTYPES = YES;
				CLANG_WARN_SUSPICIOUS_MOVE = YES;
				CLANG_WARN_UNGUARDED_AVAILABILITY = YES_AGGRESSIVE;
				CLANG_WARN_UNREACHABLE_CODE = YES;
				CLANG_WARN__DUPLICATE_METHOD_MATCH = YES;
				COPY_PHASE_STRIP = NO;
				DEBUG_INFORMATION_FORMAT = dwarf;
				DEVELOPMENT_TEAM = 3GP4MZQZ3K;
				ENABLE_STRICT_OBJC_MSGSEND = YES;
				ENABLE_TESTABILITY = YES;
				ENABLE_USER_SCRIPT_SANDBOXING = YES;
				GCC_C_LANGUAGE_STANDARD = gnu17;
				GCC_DYNAMIC_NO_PIC = NO;
				GCC_NO_COMMON_BLOCKS = YES;
				GCC_OPTIMIZATION_LEVEL = 0;
				GCC_PREPROCESSOR_DEFINITIONS = (
					"DEBUG=1",
					"$(inherited)",
				);
				GCC_WARN_64_TO_32_BIT_CONVERSION = YES;
				GCC_WARN_ABOUT_RETURN_TYPE = YES_ERROR;
				GCC_WARN_UNDECLARED_SELECTOR = YES;
				GCC_WARN_UNINITIALIZED_AUTOS = YES_AGGRESSIVE;
				GCC_WARN_UNUSED_FUNCTION = YES;
				GCC_WARN_UNUSED_VARIABLE = YES;
				IPHONEOS_DEPLOYMENT_TARGET = 18.5;
				LOCALIZATION_PREFERS_STRING_CATALOGS = YES;
				MTL_ENABLE_DEBUG_INFO = INCLUDE_SOURCE;
				MTL_FAST_MATH = YES;
				ONLY_ACTIVE_ARCH = YES;
				SDKROOT = iphoneos;
				SWIFT_ACTIVE_COMPILATION_CONDITIONS = "DEBUG $(inherited)";
				SWIFT_OPTIMIZATION_LEVEL = "-Onone";
			};
			name = Debug;
		};
		26C896C02EF2F1FB0046B43B /* Release */ = {
			isa = XCBuildConfiguration;
			buildSettings = {
				ALWAYS_SEARCH_USER_PATHS = NO;
				ASSETCATALOG_COMPILER_GENERATE_SWIFT_ASSET_SYMBOL_EXTENSIONS = YES;
				CLANG_ANALYZER_NONNULL = YES;
				CLANG_ANALYZER_NUMBER_OBJECT_CONVERSION = YES_AGGRESSIVE;
				CLANG_CXX_LANGUAGE_STANDARD = "gnu++20";
				CLANG_ENABLE_MODULES = YES;
				CLANG_ENABLE_OBJC_ARC = YES;
				CLANG_ENABLE_OBJC_WEAK = YES;
				CLANG_WARN_BLOCK_CAPTURE_AUTORELEASING = YES;
				CLANG_WARN_BOOL_CONVERSION = YES;
				CLANG_WARN_COMMA = YES;
				CLANG_WARN_CONSTANT_CONVERSION = YES;
				CLANG_WARN_DEPRECATED_OBJC_IMPLEMENTATIONS = YES;
				CLANG_WARN_DIRECT_OBJC_ISA_USAGE = YES_ERROR;
				CLANG_WARN_DOCUMENTATION_COMMENTS = YES;
				CLANG_WARN_EMPTY_BODY = YES;
				CLANG_WARN_ENUM_CONVERSION = YES;
				CLANG_WARN_INFINITE_RECURSION = YES;
				CLANG_WARN_INT_CONVERSION = YES;
				CLANG_WARN_NON_LITERAL_NULL_CONVERSION = YES;
				CLANG_WARN_OBJC_IMPLICIT_RETAIN_SELF = YES;
				CLANG_WARN_OBJC_LITERAL_CONVERSION = YES;
				CLANG_WARN_OBJC_ROOT_CLASS = YES_ERROR;
				CLANG_WARN_QUOTED_INCLUDE_IN_FRAMEWORK_HEADER = YES;
				CLANG_WARN_RANGE_LOOP_ANALYSIS = YES;
				CLANG_WARN_STRICT_PROTOTYPES = YES;
				CLANG_WARN_SUSPICIOUS_MOVE = YES;
				CLANG_WARN_UNGUARDED_AVAILABILITY = YES_AGGRESSIVE;
				CLANG_WARN_UNREACHABLE_CODE = YES;
				CLANG_WARN__DUPLICATE_METHOD_MATCH = YES;
				COPY_PHASE_STRIP = NO;
				DEBUG_INFORMATION_FORMAT = "dwarf-with-dsym";
				DEVELOPMENT_TEAM = 3GP4MZQZ3K;
				ENABLE_NS_ASSERTIONS = NO;
				ENABLE_STRICT_OBJC_MSGSEND = YES;
				ENABLE_USER_SCRIPT_SANDBOXING = YES;
				GCC_C_LANGUAGE_STANDARD = gnu17;
				GCC_NO_COMMON_BLOCKS = YES;
				GCC_WARN_64_TO_32_BIT_CONVERSION = YES;
				GCC_WARN_ABOUT_RETURN_TYPE = YES_ERROR;
				GCC_WARN_UNDECLARED_SELECTOR = YES;
				GCC_WARN_UNINITIALIZED_AUTOS = YES_AGGRESSIVE;
				GCC_WARN_UNUSED_FUNCTION = YES;
				GCC_WARN_UNUSED_VARIABLE = YES;
				IPHONEOS_DEPLOYMENT_TARGET = 18.5;
				LOCALIZATION_PREFERS_STRING_CATALOGS = YES;
				MTL_ENABLE_DEBUG_INFO = NO;
				MTL_FAST_MATH = YES;
				SDKROOT = iphoneos;
				SWIFT_COMPILATION_MODE = wholemodule;
				VALIDATE_PRODUCT = YES;
			};
			name = Release;
		};
		26C896C22EF2F1FB0046B43B /* Debug */ = {
			isa = XCBuildConfiguration;
			buildSettings = {
				ASSETCATALOG_COMPILER_APPICON_NAME = AppIcon;
				ASSETCATALOG_COMPILER_GLOBAL_ACCENT_COLOR_NAME = AccentColor;
				CODE_SIGN_STYLE = Automatic;
				CURRENT_PROJECT_VERSION = 1;
				DEVELOPMENT_TEAM = 3GP4MZQZ3K;
				ENABLE_PREVIEWS = YES;
				GENERATE_INFOPLIST_FILE = YES;
				INFOPLIST_KEY_UIApplicationSceneManifest_Generation = YES;
				INFOPLIST_KEY_UIApplicationSupportsIndirectInputEvents = YES;
				INFOPLIST_KEY_UILaunchScreen_Generation = YES;
				INFOPLIST_KEY_UISupportedInterfaceOrientations_iPad = "UIInterfaceOrientationPortrait UIInterfaceOrientationPortraitUpsideDown UIInterfaceOrientationLandscapeLeft UIInterfaceOrientationLandscapeRight";
				INFOPLIST_KEY_UISupportedInterfaceOrientations_iPhone = "UIInterfaceOrientationPortrait UIInterfaceOrientationLandscapeLeft UIInterfaceOrientationLandscapeRight";
				LD_RUNPATH_SEARCH_PATHS = (
					"$(inherited)",
					"@executable_path/Frameworks",
				);
				MARKETING_VERSION = 1.0;
				PRODUCT_BUNDLE_IDENTIFIER = com.taki.LoanCalculator;
				PRODUCT_NAME = "$(TARGET_NAME)";
				SWIFT_EMIT_LOC_STRINGS = YES;
				SWIFT_VERSION = 5.0;
				TARGETED_DEVICE_FAMILY = "1,2";
			};
			name = Debug;
		};
		26C896C32EF2F1FB0046B43B /* Release */ = {
			isa = XCBuildConfiguration;
			buildSettings = {
				ASSETCATALOG_COMPILER_APPICON_NAME = AppIcon;
				ASSETCATALOG_COMPILER_GLOBAL_ACCENT_COLOR_NAME = AccentColor;
				CODE_SIGN_STYLE = Automatic;
				CURRENT_PROJECT_VERSION = 1;
				DEVELOPMENT_TEAM = 3GP4MZQZ3K;
				ENABLE_PREVIEWS = YES;
				GENERATE_INFOPLIST_FILE = YES;
				INFOPLIST_KEY_UIApplicationSceneManifest_Generation = YES;
				INFOPLIST_KEY_UIApplicationSupportsIndirectInputEvents = YES;
				INFOPLIST_KEY_UILaunchScreen_Generation = YES;
				INFOPLIST_KEY_UISupportedInterfaceOrientations_iPad = "UIInterfaceOrientationPortrait UIInterfaceOrientationPortraitUpsideDown UIInterfaceOrientationLandscapeLeft UIInterfaceOrientationLandscapeRight";
				INFOPLIST_KEY_UISupportedInterfaceOrientations_iPhone = "UIInterfaceOrientationPortrait UIInterfaceOrientationLandscapeLeft UIInterfaceOrientationLandscapeRight";
				LD_RUNPATH_SEARCH_PATHS = (
					"$(inherited)",
					"@executable_path/Frameworks",
				);
				MARKETING_VERSION = 1.0;
				PRODUCT_BUNDLE_IDENTIFIER = com.taki.LoanCalculator;
				PRODUCT_NAME = "$(TARGET_NAME)";
				SWIFT_EMIT_LOC_STRINGS = YES;
				SWIFT_VERSION = 5.0;
				TARGETED_DEVICE_FAMILY = "1,2";
			};
			name = Release;
		};
		26C896C52EF2F1FB0046B43B /* Debug */ = {
			isa = XCBuildConfiguration;
			buildSettings = {
				BUNDLE_LOADER = "$(TEST_HOST)";
				CODE_SIGN_STYLE = Automatic;
				CURRENT_PROJECT_VERSION = 1;
				DEVELOPMENT_TEAM = 3GP4MZQZ3K;
				GENERATE_INFOPLIST_FILE = YES;
				IPHONEOS_DEPLOYMENT_TARGET = 18.5;
				MARKETING_VERSION = 1.0;
				PRODUCT_BUNDLE_IDENTIFIER = com.taki.LoanCalculatorTests;
				PRODUCT_NAME = "$(TARGET_NAME)";
				SWIFT_EMIT_LOC_STRINGS = NO;
				SWIFT_VERSION = 5.0;
				TARGETED_DEVICE_FAMILY = "1,2";
				TEST_HOST = "$(BUILT_PRODUCTS_DIR)/LoanCalculator.app/$(BUNDLE_EXECUTABLE_FOLDER_PATH)/LoanCalculator";
			};
			name = Debug;
		};
		26C896C62EF2F1FB0046B43B /* Release */ = {
			isa = XCBuildConfiguration;
			buildSettings = {
				BUNDLE_LOADER = "$(TEST_HOST)";
				CODE_SIGN_STYLE = Automatic;
				CURRENT_PROJECT_VERSION = 1;
				DEVELOPMENT_TEAM = 3GP4MZQZ3K;
				GENERATE_INFOPLIST_FILE = YES;
				IPHONEOS_DEPLOYMENT_TARGET = 18.5;
				MARKETING_VERSION = 1.0;
				PRODUCT_BUNDLE_IDENTIFIER = com.taki.LoanCalculatorTests;
				PRODUCT_NAME = "$(TARGET_NAME)";
				SWIFT_EMIT_LOC_STRINGS = NO;
				SWIFT_VERSION = 5.0;
				TARGETED_DEVICE_FAMILY = "1,2";
				TEST_HOST = "$(BUILT_PRODUCTS_DIR)/LoanCalculator.app/$(BUNDLE_EXECUTABLE_FOLDER_PATH)/LoanCalculator";
			};
			name = Release;
		};
		26C896C82EF2F1FB0046B43B /* Debug */ = {
			isa = XCBuildConfiguration;
			buildSettings = {
				CODE_SIGN_STYLE = Automatic;
				CURRENT_PROJECT_VERSION = 1;
				DEVELOPMENT_TEAM = 3GP4MZQZ3K;
				GENERATE_INFOPLIST_FILE = YES;
				MARKETING_VERSION = 1.0;
				PRODUCT_BUNDLE_IDENTIFIER = com.taki.LoanCalculatorUITests;
				PRODUCT_NAME = "$(TARGET_NAME)";
				SWIFT_EMIT_LOC_STRINGS = NO;
				SWIFT_VERSION = 5.0;
				TARGETED_DEVICE_FAMILY = "1,2";
				TEST_TARGET_NAME = LoanCalculator;
			};
			name = Debug;
		};
		26C896C92EF2F1FB0046B43B /* Release */ = {
			isa = XCBuildConfiguration;
			buildSettings = {
				CODE_SIGN_STYLE = Automatic;
				CURRENT_PROJECT_VERSION = 1;
				DEVELOPMENT_TEAM = 3GP4MZQZ3K;
				GENERATE_INFOPLIST_FILE = YES;
				MARKETING_VERSION = 1.0;
				PRODUCT_BUNDLE_IDENTIFIER = com.taki.LoanCalculatorUITests;
				PRODUCT_NAME = "$(TARGET_NAME)";
				SWIFT_EMIT_LOC_STRINGS = NO;
				SWIFT_VERSION = 5.0;
				TARGETED_DEVICE_FAMILY = "1,2";
				TEST_TARGET_NAME = LoanCalculator;
			};
			name = Release;
		};
/* End XCBuildConfiguration section */

/* Begin XCConfigurationList section */
		26C8969B2EF2F1F90046B43B /* Build configuration list for PBXProject "LoanCalculator" */ = {
			isa = XCConfigurationList;
			buildConfigurations = (
				26C896BF2EF2F1FB0046B43B /* Debug */,
				26C896C02EF2F1FB0046B43B /* Release */,
			);
			defaultConfigurationIsVisible = 0;
			defaultConfigurationName = Release;
		};
		26C896C12EF2F1FB0046B43B /* Build configuration list for PBXNativeTarget "LoanCalculator" */ = {
			isa = XCConfigurationList;
			buildConfigurations = (
				26C896C22EF2F1FB0046B43B /* Debug */,
				26C896C32EF2F1FB0046B43B /* Release */,
			);
			defaultConfigurationIsVisible = 0;
			defaultConfigurationName = Release;
		};
		26C896C42EF2F1FB0046B43B /* Build configuration list for PBXNativeTarget "LoanCalculatorTests" */ = {
			isa = XCConfigurationList;
			buildConfigurations = (
				26C896C52EF2F1FB0046B43B /* Debug */,
				26C896C62EF2F1FB0046B43B /* Release */,
			);
			defaultConfigurationIsVisible = 0;
			defaultConfigurationName = Release;
		};
		26C896C72EF2F1FB0046B43B /* Build configuration list for PBXNativeTarget "LoanCalculatorUITests" */ = {
			isa = XCConfigurationList;
			buildConfigurations = (
				26C896C82EF2F1FB0046B43B /* Debug */,
				26C896C92EF2F1FB0046B43B /* Release */,
			);
			defaultConfigurationIsVisible = 0;
			defaultConfigurationName = Release;
		};
/* End XCConfigurationList section */
	};
	rootObject = 26C896982EF2F1F90046B43B /* Project object */;
}
